
Microsoft Visual Studio Solution File, Format Version 12.00
# Visual Studio Version 16
VisualStudioVersion = 25.0.1700.2
MinimumVisualStudioVersion = 10.0.40219.1
Project("{FAE04EC0-301F-11D3-BF4B-00C04F79EFBC}") = "Menu_OperacionesMatematicas_Avanzadas", "Menu_OperacionesMatematicas_Avanzadas.csproj", "{DEFAAD06-931C-49BD-A223-F0B51BB30A0E}"
EndProject
Global
	GlobalSection(SolutionConfigurationPlatforms) = preSolution
		Debug|Any CPU = Debug|Any CPU
		Release|Any CPU = Release|Any CPU
	EndGlobalSection
	GlobalSection(ProjectConfigurationPlatforms) = postSolution
		{DEFAAD06-931C-49BD-A223-F0B51BB30A0E}.Debug|Any CPU.ActiveCfg = Debug|Any CPU
		{DEFAAD06-931C-49BD-A223-F0B51BB30A0E}.Debug|Any CPU.Build.0 = Debug|Any CPU
		{DEFAAD06-931C-49BD-A223-F0B51BB30A0E}.Release|Any CPU.ActiveCfg = Release|Any CPU
		{DEFAAD06-931C-49BD-A223-F0B51BB30A0E}.Release|Any CPU.Build.0 = Release|Any CPU
	EndGlobalSection
	GlobalSection(SolutionProperties) = preSolution
		HideSolutionNode = FALSE
	EndGlobalSection
	GlobalSection(ExtensibilityGlobals) = postSolution
		SolutionGuid = {C9CBB4E1-8A64-473F-B268-4D7B99F30927}
	EndGlobalSection
EndGlobal
