
Microsoft Visual Studio Solution File, Format Version 12.00
# Visual Studio Version 16
VisualStudioVersion = 25.0.1700.2
MinimumVisualStudioVersion = 10.0.40219.1
Project("{FAE04EC0-301F-11D3-BF4B-00C04F79EFBC}") = "Cuota_Universitaria", "Cuota_Universitaria.csproj", "{D2109FBE-6F48-4D8D-8DED-201F90315DC6}"
EndProject
Global
	GlobalSection(SolutionConfigurationPlatforms) = preSolution
		Debug|Any CPU = Debug|Any CPU
		Release|Any CPU = Release|Any CPU
	EndGlobalSection
	GlobalSection(ProjectConfigurationPlatforms) = postSolution
		{D2109FBE-6F48-4D8D-8DED-201F90315DC6}.Debug|Any CPU.ActiveCfg = Debug|Any CPU
		{D2109FBE-6F48-4D8D-8DED-201F90315DC6}.Debug|Any CPU.Build.0 = Debug|Any CPU
		{D2109FBE-6F48-4D8D-8DED-201F90315DC6}.Release|Any CPU.ActiveCfg = Release|Any CPU
		{D2109FBE-6F48-4D8D-8DED-201F90315DC6}.Release|Any CPU.Build.0 = Release|Any CPU
	EndGlobalSection
	GlobalSection(SolutionProperties) = preSolution
		HideSolutionNode = FALSE
	EndGlobalSection
	GlobalSection(ExtensibilityGlobals) = postSolution
		SolutionGuid = {2CDA61D0-613D-46CA-B999-F82C30E5FDFD}
	EndGlobalSection
EndGlobal
