
Microsoft Visual Studio Solution File, Format Version 12.00
# Visual Studio Version 16
VisualStudioVersion = 25.0.1700.2
MinimumVisualStudioVersion = 10.0.40219.1
Project("{FAE04EC0-301F-11D3-BF4B-00C04F79EFBC}") = "Menu_OperacionesMatematicas", "Menu_OperacionesMatematicas.csproj", "{56E0D48D-E182-4163-8775-949CF85D6309}"
EndProject
Global
	GlobalSection(SolutionConfigurationPlatforms) = preSolution
		Debug|Any CPU = Debug|Any CPU
		Release|Any CPU = Release|Any CPU
	EndGlobalSection
	GlobalSection(ProjectConfigurationPlatforms) = postSolution
		{56E0D48D-E182-4163-8775-949CF85D6309}.Debug|Any CPU.ActiveCfg = Debug|Any CPU
		{56E0D48D-E182-4163-8775-949CF85D6309}.Debug|Any CPU.Build.0 = Debug|Any CPU
		{56E0D48D-E182-4163-8775-949CF85D6309}.Release|Any CPU.ActiveCfg = Release|Any CPU
		{56E0D48D-E182-4163-8775-949CF85D6309}.Release|Any CPU.Build.0 = Release|Any CPU
	EndGlobalSection
	GlobalSection(SolutionProperties) = preSolution
		HideSolutionNode = FALSE
	EndGlobalSection
	GlobalSection(ExtensibilityGlobals) = postSolution
		SolutionGuid = {C67027EB-BE47-4B88-B24C-D2809BF6C023}
	EndGlobalSection
EndGlobal
